
Microsoft Visual Studio Solution File, Format Version 12.00
# Visual Studio Version 17
VisualStudioVersion = 17.5.002.0
MinimumVisualStudioVersion = 10.0.40219.1
Project("{2150E333-8FDC-42A3-9474-1A3956D46DE8}") = "sandbox", "sandbox", "{0D307D1A-09FA-4B3F-B5D2-011AC5ECC427}"
EndProject
Project("{9A19103F-16F7-4668-BE54-9A1E7A4F7556}") = "sandbox_project", "sandbox\sandbox_project\sandbox_project.csproj", "{0665D978-4687-4C3D-9D83-8C8EC1F7D06C}"
EndProject
Project("{2150E333-8FDC-42A3-9474-1A3956D46DE8}") = "week01", "week01", "{99F559CF-7858-4063-8729-938BB004C33D}"
EndProject
Project("{9A19103F-16F7-4668-BE54-9A1E7A4F7556}") = "analyze", "week01\analyze\analyze.csproj", "{155F8CED-11D9-4542-8643-139D48286556}"
EndProject
Project("{9A19103F-16F7-4668-BE54-9A1E7A4F7556}") = "code", "week01\code\code.csproj", "{81DCC6C3-13F3-434C-9F25-E1CE9D5FC47B}"
EndProject
Project("{9A19103F-16F7-4668-BE54-9A1E7A4F7556}") = "teach", "week01\teach\teach.csproj", "{85AAF213-12A3-466A-AF5A-75A87031E34D}"
EndProject
Project("{2150E333-8FDC-42A3-9474-1A3956D46DE8}") = "week02", "week02", "{ECEE0382-F900-4833-B1D0-27516392FD77}"
EndProject
Project("{9A19103F-16F7-4668-BE54-9A1E7A4F7556}") = "analyze", "week02\analyze\analyze.csproj", "{22917193-DB09-4650-BA9E-19AB41A9510C}"
EndProject
Project("{9A19103F-16F7-4668-BE54-9A1E7A4F7556}") = "code", "week02\code\code.csproj", "{A9CBD913-347D-47C6-8036-C7EAEB2B82A6}"
EndProject
Project("{9A19103F-16F7-4668-BE54-9A1E7A4F7556}") = "learn", "week02\learn\learn.csproj", "{26E5553D-0ED7-4A6D-A35E-08DA21DB8003}"
EndProject
Project("{9A19103F-16F7-4668-BE54-9A1E7A4F7556}") = "teach", "week02\teach\teach.csproj", "{0CD8736B-913E-4905-9B02-601EE15CF61D}"
EndProject
Project("{2150E333-8FDC-42A3-9474-1A3956D46DE8}") = "week03", "week03", "{1796EB05-F0E6-4450-8F83-4EEEE62B8816}"
EndProject
Project("{9A19103F-16F7-4668-BE54-9A1E7A4F7556}") = "code", "week03\code\code.csproj", "{C4EABCF0-80A0-4C28-A165-3F75F5D078F1}"
EndProject
Project("{9A19103F-16F7-4668-BE54-9A1E7A4F7556}") = "learn", "week03\learn\learn.csproj", "{34521738-B615-4FE2-8552-8EBBE86D2A9C}"
EndProject
Project("{9A19103F-16F7-4668-BE54-9A1E7A4F7556}") = "teach", "week03\teach\teach.csproj", "{06B25E94-2252-4257-9C88-82C7DA64A0AB}"
EndProject
Project("{2150E333-8FDC-42A3-9474-1A3956D46DE8}") = "week04", "week04", "{B6AFCC78-DB07-4913-B9B0-5B4443A595E6}"
EndProject
Project("{9A19103F-16F7-4668-BE54-9A1E7A4F7556}") = "code", "week04\code\code.csproj", "{414C470D-8143-4D7F-85D4-29A7C2AA40A0}"
EndProject
Project("{2150E333-8FDC-42A3-9474-1A3956D46DE8}") = "week05", "week05", "{AA1ACB01-4F58-4C76-A84F-9BB113BBA18A}"
EndProject
Project("{9A19103F-16F7-4668-BE54-9A1E7A4F7556}") = "code", "week05\code\code.csproj", "{EB6FF5DC-87F3-4D11-BC24-B820F5D452F9}"
EndProject
Project("{2150E333-8FDC-42A3-9474-1A3956D46DE8}") = "week06", "week06", "{5A6A4E5D-C34E-4AD4-9A1D-A0CB25EBF951}"
EndProject
Project("{9A19103F-16F7-4668-BE54-9A1E7A4F7556}") = "code", "week06\code\code.csproj", "{B64E3B57-DFE0-48B6-A1CF-831A1418E8D9}"
EndProject
Global
	GlobalSection(SolutionConfigurationPlatforms) = preSolution
		Debug|Any CPU = Debug|Any CPU
		Release|Any CPU = Release|Any CPU
	EndGlobalSection
	GlobalSection(ProjectConfigurationPlatforms) = postSolution
		{0665D978-4687-4C3D-9D83-8C8EC1F7D06C}.Debug|Any CPU.ActiveCfg = Debug|Any CPU
		{0665D978-4687-4C3D-9D83-8C8EC1F7D06C}.Debug|Any CPU.Build.0 = Debug|Any CPU
		{0665D978-4687-4C3D-9D83-8C8EC1F7D06C}.Release|Any CPU.ActiveCfg = Release|Any CPU
		{0665D978-4687-4C3D-9D83-8C8EC1F7D06C}.Release|Any CPU.Build.0 = Release|Any CPU
		{155F8CED-11D9-4542-8643-139D48286556}.Debug|Any CPU.ActiveCfg = Debug|Any CPU
		{155F8CED-11D9-4542-8643-139D48286556}.Debug|Any CPU.Build.0 = Debug|Any CPU
		{155F8CED-11D9-4542-8643-139D48286556}.Release|Any CPU.ActiveCfg = Release|Any CPU
		{155F8CED-11D9-4542-8643-139D48286556}.Release|Any CPU.Build.0 = Release|Any CPU
		{81DCC6C3-13F3-434C-9F25-E1CE9D5FC47B}.Debug|Any CPU.ActiveCfg = Debug|Any CPU
		{81DCC6C3-13F3-434C-9F25-E1CE9D5FC47B}.Debug|Any CPU.Build.0 = Debug|Any CPU
		{81DCC6C3-13F3-434C-9F25-E1CE9D5FC47B}.Release|Any CPU.ActiveCfg = Release|Any CPU
		{81DCC6C3-13F3-434C-9F25-E1CE9D5FC47B}.Release|Any CPU.Build.0 = Release|Any CPU
		{85AAF213-12A3-466A-AF5A-75A87031E34D}.Debug|Any CPU.ActiveCfg = Debug|Any CPU
		{85AAF213-12A3-466A-AF5A-75A87031E34D}.Debug|Any CPU.Build.0 = Debug|Any CPU
		{85AAF213-12A3-466A-AF5A-75A87031E34D}.Release|Any CPU.ActiveCfg = Release|Any CPU
		{85AAF213-12A3-466A-AF5A-75A87031E34D}.Release|Any CPU.Build.0 = Release|Any CPU
		{22917193-DB09-4650-BA9E-19AB41A9510C}.Debug|Any CPU.ActiveCfg = Debug|Any CPU
		{22917193-DB09-4650-BA9E-19AB41A9510C}.Debug|Any CPU.Build.0 = Debug|Any CPU
		{22917193-DB09-4650-BA9E-19AB41A9510C}.Release|Any CPU.ActiveCfg = Release|Any CPU
		{22917193-DB09-4650-BA9E-19AB41A9510C}.Release|Any CPU.Build.0 = Release|Any CPU
		{A9CBD913-347D-47C6-8036-C7EAEB2B82A6}.Debug|Any CPU.ActiveCfg = Debug|Any CPU
		{A9CBD913-347D-47C6-8036-C7EAEB2B82A6}.Debug|Any CPU.Build.0 = Debug|Any CPU
		{A9CBD913-347D-47C6-8036-C7EAEB2B82A6}.Release|Any CPU.ActiveCfg = Release|Any CPU
		{A9CBD913-347D-47C6-8036-C7EAEB2B82A6}.Release|Any CPU.Build.0 = Release|Any CPU
		{26E5553D-0ED7-4A6D-A35E-08DA21DB8003}.Debug|Any CPU.ActiveCfg = Debug|Any CPU
		{26E5553D-0ED7-4A6D-A35E-08DA21DB8003}.Debug|Any CPU.Build.0 = Debug|Any CPU
		{26E5553D-0ED7-4A6D-A35E-08DA21DB8003}.Release|Any CPU.ActiveCfg = Release|Any CPU
		{26E5553D-0ED7-4A6D-A35E-08DA21DB8003}.Release|Any CPU.Build.0 = Release|Any CPU
		{0CD8736B-913E-4905-9B02-601EE15CF61D}.Debug|Any CPU.ActiveCfg = Debug|Any CPU
		{0CD8736B-913E-4905-9B02-601EE15CF61D}.Debug|Any CPU.Build.0 = Debug|Any CPU
		{0CD8736B-913E-4905-9B02-601EE15CF61D}.Release|Any CPU.ActiveCfg = Release|Any CPU
		{0CD8736B-913E-4905-9B02-601EE15CF61D}.Release|Any CPU.Build.0 = Release|Any CPU
		{C4EABCF0-80A0-4C28-A165-3F75F5D078F1}.Debug|Any CPU.ActiveCfg = Debug|Any CPU
		{C4EABCF0-80A0-4C28-A165-3F75F5D078F1}.Debug|Any CPU.Build.0 = Debug|Any CPU
		{C4EABCF0-80A0-4C28-A165-3F75F5D078F1}.Release|Any CPU.ActiveCfg = Release|Any CPU
		{C4EABCF0-80A0-4C28-A165-3F75F5D078F1}.Release|Any CPU.Build.0 = Release|Any CPU
		{34521738-B615-4FE2-8552-8EBBE86D2A9C}.Debug|Any CPU.ActiveCfg = Debug|Any CPU
		{34521738-B615-4FE2-8552-8EBBE86D2A9C}.Debug|Any CPU.Build.0 = Debug|Any CPU
		{34521738-B615-4FE2-8552-8EBBE86D2A9C}.Release|Any CPU.ActiveCfg = Release|Any CPU
		{34521738-B615-4FE2-8552-8EBBE86D2A9C}.Release|Any CPU.Build.0 = Release|Any CPU
		{06B25E94-2252-4257-9C88-82C7DA64A0AB}.Debug|Any CPU.ActiveCfg = Debug|Any CPU
		{06B25E94-2252-4257-9C88-82C7DA64A0AB}.Debug|Any CPU.Build.0 = Debug|Any CPU
		{06B25E94-2252-4257-9C88-82C7DA64A0AB}.Release|Any CPU.ActiveCfg = Release|Any CPU
		{06B25E94-2252-4257-9C88-82C7DA64A0AB}.Release|Any CPU.Build.0 = Release|Any CPU
		{414C470D-8143-4D7F-85D4-29A7C2AA40A0}.Debug|Any CPU.ActiveCfg = Debug|Any CPU
		{414C470D-8143-4D7F-85D4-29A7C2AA40A0}.Debug|Any CPU.Build.0 = Debug|Any CPU
		{414C470D-8143-4D7F-85D4-29A7C2AA40A0}.Release|Any CPU.ActiveCfg = Release|Any CPU
		{414C470D-8143-4D7F-85D4-29A7C2AA40A0}.Release|Any CPU.Build.0 = Release|Any CPU
		{EB6FF5DC-87F3-4D11-BC24-B820F5D452F9}.Debug|Any CPU.ActiveCfg = Debug|Any CPU
		{EB6FF5DC-87F3-4D11-BC24-B820F5D452F9}.Debug|Any CPU.Build.0 = Debug|Any CPU
		{EB6FF5DC-87F3-4D11-BC24-B820F5D452F9}.Release|Any CPU.ActiveCfg = Release|Any CPU
		{EB6FF5DC-87F3-4D11-BC24-B820F5D452F9}.Release|Any CPU.Build.0 = Release|Any CPU
		{B64E3B57-DFE0-48B6-A1CF-831A1418E8D9}.Debug|Any CPU.ActiveCfg = Debug|Any CPU
		{B64E3B57-DFE0-48B6-A1CF-831A1418E8D9}.Debug|Any CPU.Build.0 = Debug|Any CPU
		{B64E3B57-DFE0-48B6-A1CF-831A1418E8D9}.Release|Any CPU.ActiveCfg = Release|Any CPU
		{B64E3B57-DFE0-48B6-A1CF-831A1418E8D9}.Release|Any CPU.Build.0 = Release|Any CPU
	EndGlobalSection
	GlobalSection(SolutionProperties) = preSolution
		HideSolutionNode = FALSE
	EndGlobalSection
	GlobalSection(NestedProjects) = preSolution
		{0665D978-4687-4C3D-9D83-8C8EC1F7D06C} = {0D307D1A-09FA-4B3F-B5D2-011AC5ECC427}
		{155F8CED-11D9-4542-8643-139D48286556} = {99F559CF-7858-4063-8729-938BB004C33D}
		{81DCC6C3-13F3-434C-9F25-E1CE9D5FC47B} = {99F559CF-7858-4063-8729-938BB004C33D}
		{85AAF213-12A3-466A-AF5A-75A87031E34D} = {99F559CF-7858-4063-8729-938BB004C33D}
		{22917193-DB09-4650-BA9E-19AB41A9510C} = {ECEE0382-F900-4833-B1D0-27516392FD77}
		{A9CBD913-347D-47C6-8036-C7EAEB2B82A6} = {ECEE0382-F900-4833-B1D0-27516392FD77}
		{26E5553D-0ED7-4A6D-A35E-08DA21DB8003} = {ECEE0382-F900-4833-B1D0-27516392FD77}
		{0CD8736B-913E-4905-9B02-601EE15CF61D} = {ECEE0382-F900-4833-B1D0-27516392FD77}
		{C4EABCF0-80A0-4C28-A165-3F75F5D078F1} = {1796EB05-F0E6-4450-8F83-4EEEE62B8816}
		{34521738-B615-4FE2-8552-8EBBE86D2A9C} = {1796EB05-F0E6-4450-8F83-4EEEE62B8816}
		{06B25E94-2252-4257-9C88-82C7DA64A0AB} = {1796EB05-F0E6-4450-8F83-4EEEE62B8816}
		{414C470D-8143-4D7F-85D4-29A7C2AA40A0} = {B6AFCC78-DB07-4913-B9B0-5B4443A595E6}
		{EB6FF5DC-87F3-4D11-BC24-B820F5D452F9} = {AA1ACB01-4F58-4C76-A84F-9BB113BBA18A}
		{B64E3B57-DFE0-48B6-A1CF-831A1418E8D9} = {5A6A4E5D-C34E-4AD4-9A1D-A0CB25EBF951}
	EndGlobalSection
	GlobalSection(ExtensibilityGlobals) = postSolution
		SolutionGuid = {F6B324AB-529B-422C-AE24-6D1CF05D76AD}
	EndGlobalSection
EndGlobal
